// !$*UTF8*$!
{
	archiveVersion = 1;
	classes = {
	};
	objectVersion = 55;
	objects = {

/* Begin PBXBuildFile section */
		228F9380D13FE156ED9E0531 /* Pods_TImeVisualizer.framework in Frameworks */ = {isa = PBXBuildFile; fileRef = D54188732AB00E4E20DAFA18 /* Pods_TImeVisualizer.framework */; };
		56058746E636BB5C11B7105C /* Pods_TImeVisualizer_TImeVisualizerUITests.framework in Frameworks */ = {isa = PBXBuildFile; fileRef = 1307C293187C360CD30C6FDC /* Pods_TImeVisualizer_TImeVisualizerUITests.framework */; };
		C8943813B82753CBC7F76CAE /* Pods_TImeVisualizerTests.framework in Frameworks */ = {isa = PBXBuildFile; fileRef = 78571304DEC91BD45578A1EA /* Pods_TImeVisualizerTests.framework */; };
		CC4B1B76276C6C8C008415DB /* AppDelegate.swift in Sources */ = {isa = PBXBuildFile; fileRef = CC4B1B75276C6C8C008415DB /* AppDelegate.swift */; };
		CC4B1B78276C6C8C008415DB /* SceneDelegate.swift in Sources */ = {isa = PBXBuildFile; fileRef = CC4B1B77276C6C8C008415DB /* SceneDelegate.swift */; };
		CC4B1B7D276C6C8C008415DB /* Main.storyboard in Resources */ = {isa = PBXBuildFile; fileRef = CC4B1B7B276C6C8C008415DB /* Main.storyboard */; };
		CC4B1B80276C6C8C008415DB /* TImeVisualizer.xcdatamodeld in Sources */ = {isa = PBXBuildFile; fileRef = CC4B1B7E276C6C8C008415DB /* TImeVisualizer.xcdatamodeld */; };
		CC4B1B82276C6C8D008415DB /* Assets.xcassets in Resources */ = {isa = PBXBuildFile; fileRef = CC4B1B81276C6C8D008415DB /* Assets.xcassets */; };
		CC4B1B85276C6C8D008415DB /* LaunchScreen.storyboard in Resources */ = {isa = PBXBuildFile; fileRef = CC4B1B83276C6C8D008415DB /* LaunchScreen.storyboard */; };
		CC4B1B90276C6C8D008415DB /* TImeVisualizerTests.swift in Sources */ = {isa = PBXBuildFile; fileRef = CC4B1B8F276C6C8D008415DB /* TImeVisualizerTests.swift */; };
		CC4B1B9A276C6C8D008415DB /* TImeVisualizerUITests.swift in Sources */ = {isa = PBXBuildFile; fileRef = CC4B1B99276C6C8D008415DB /* TImeVisualizerUITests.swift */; };
		CC4B1B9C276C6C8D008415DB /* TImeVisualizerUITestsLaunchTests.swift in Sources */ = {isa = PBXBuildFile; fileRef = CC4B1B9B276C6C8D008415DB /* TImeVisualizerUITestsLaunchTests.swift */; };
		CC4B1BAB276C9A08008415DB /* HabitTrackerTableViewController.swift in Sources */ = {isa = PBXBuildFile; fileRef = CC4B1BAA276C9A07008415DB /* HabitTrackerTableViewController.swift */; };
		CC4B1BAD276C9A18008415DB /* DailyTaskTableViewController.swift in Sources */ = {isa = PBXBuildFile; fileRef = CC4B1BAC276C9A18008415DB /* DailyTaskTableViewController.swift */; };
		CC4B1BAF276C9AA3008415DB /* HabitTrackerTableViewCell.swift in Sources */ = {isa = PBXBuildFile; fileRef = CC4B1BAE276C9AA3008415DB /* HabitTrackerTableViewCell.swift */; };
		CC4B1BB1276CC030008415DB /* StatViewController.swift in Sources */ = {isa = PBXBuildFile; fileRef = CC4B1BB0276CC030008415DB /* StatViewController.swift */; };
		CC4B1BB3276CEFDD008415DB /* DailyTaskTableViewCell.swift in Sources */ = {isa = PBXBuildFile; fileRef = CC4B1BB2276CEFDD008415DB /* DailyTaskTableViewCell.swift */; };
		CC4B1BB5276E58C1008415DB /* WeeklyTableViewCell.swift in Sources */ = {isa = PBXBuildFile; fileRef = CC4B1BB4276E58C1008415DB /* WeeklyTableViewCell.swift */; };
		CC4B1BB7276E58E6008415DB /* WeeklyTableViewController.swift in Sources */ = {isa = PBXBuildFile; fileRef = CC4B1BB6276E58E6008415DB /* WeeklyTableViewController.swift */; };
/* End PBXBuildFile section */

/* Begin PBXContainerItemProxy section */
		CC4B1B8C276C6C8D008415DB /* PBXContainerItemProxy */ = {
			isa = PBXContainerItemProxy;
			containerPortal = CC4B1B6A276C6C8C008415DB /* Project object */;
			proxyType = 1;
			remoteGlobalIDString = CC4B1B71276C6C8C008415DB;
			remoteInfo = TImeVisualizer;
		};
		CC4B1B96276C6C8D008415DB /* PBXContainerItemProxy */ = {
			isa = PBXContainerItemProxy;
			containerPortal = CC4B1B6A276C6C8C008415DB /* Project object */;
			proxyType = 1;
			remoteGlobalIDString = CC4B1B71276C6C8C008415DB;
			remoteInfo = TImeVisualizer;
		};
/* End PBXContainerItemProxy section */

/* Begin PBXFileReference section */
		1307C293187C360CD30C6FDC /* Pods_TImeVisualizer_TImeVisualizerUITests.framework */ = {isa = PBXFileReference; explicitFileType = wrapper.framework; includeInIndex = 0; path = Pods_TImeVisualizer_TImeVisualizerUITests.framework; sourceTree = BUILT_PRODUCTS_DIR; };
		1F83A4AE6C93EBEBD8BD03F5 /* Pods-TImeVisualizer-TImeVisualizerUITests.release.xcconfig */ = {isa = PBXFileReference; includeInIndex = 1; lastKnownFileType = text.xcconfig; name = "Pods-TImeVisualizer-TImeVisualizerUITests.release.xcconfig"; path = "Target Support Files/Pods-TImeVisualizer-TImeVisualizerUITests/Pods-TImeVisualizer-TImeVisualizerUITests.release.xcconfig"; sourceTree = "<group>"; };
		216949AC55AB653C52691AC7 /* Pods-TImeVisualizer-TImeVisualizerUITests.debug.xcconfig */ = {isa = PBXFileReference; includeInIndex = 1; lastKnownFileType = text.xcconfig; name = "Pods-TImeVisualizer-TImeVisualizerUITests.debug.xcconfig"; path = "Target Support Files/Pods-TImeVisualizer-TImeVisualizerUITests/Pods-TImeVisualizer-TImeVisualizerUITests.debug.xcconfig"; sourceTree = "<group>"; };
		4EBAB8367773277365A0DFAA /* Pods-TImeVisualizerTests.debug.xcconfig */ = {isa = PBXFileReference; includeInIndex = 1; lastKnownFileType = text.xcconfig; name = "Pods-TImeVisualizerTests.debug.xcconfig"; path = "Target Support Files/Pods-TImeVisualizerTests/Pods-TImeVisualizerTests.debug.xcconfig"; sourceTree = "<group>"; };
		73C6CAC648C3599E21171E81 /* Pods-TImeVisualizer.release.xcconfig */ = {isa = PBXFileReference; includeInIndex = 1; lastKnownFileType = text.xcconfig; name = "Pods-TImeVisualizer.release.xcconfig"; path = "Target Support Files/Pods-TImeVisualizer/Pods-TImeVisualizer.release.xcconfig"; sourceTree = "<group>"; };
		78571304DEC91BD45578A1EA /* Pods_TImeVisualizerTests.framework */ = {isa = PBXFileReference; explicitFileType = wrapper.framework; includeInIndex = 0; path = Pods_TImeVisualizerTests.framework; sourceTree = BUILT_PRODUCTS_DIR; };
		AC0BCE529879130B3CAADFD9 /* Pods-TImeVisualizer.debug.xcconfig */ = {isa = PBXFileReference; includeInIndex = 1; lastKnownFileType = text.xcconfig; name = "Pods-TImeVisualizer.debug.xcconfig"; path = "Target Support Files/Pods-TImeVisualizer/Pods-TImeVisualizer.debug.xcconfig"; sourceTree = "<group>"; };
		CC4B1B72276C6C8C008415DB /* TImeVisualizer.app */ = {isa = PBXFileReference; explicitFileType = wrapper.application; includeInIndex = 0; path = TImeVisualizer.app; sourceTree = BUILT_PRODUCTS_DIR; };
		CC4B1B75276C6C8C008415DB /* AppDelegate.swift */ = {isa = PBXFileReference; lastKnownFileType = sourcecode.swift; path = AppDelegate.swift; sourceTree = "<group>"; };
		CC4B1B77276C6C8C008415DB /* SceneDelegate.swift */ = {isa = PBXFileReference; lastKnownFileType = sourcecode.swift; path = SceneDelegate.swift; sourceTree = "<group>"; };
		CC4B1B7C276C6C8C008415DB /* Base */ = {isa = PBXFileReference; lastKnownFileType = file.storyboard; name = Base; path = Base.lproj/Main.storyboard; sourceTree = "<group>"; };
		CC4B1B7F276C6C8C008415DB /* TImeVisualizer.xcdatamodel */ = {isa = PBXFileReference; lastKnownFileType = wrapper.xcdatamodel; path = TImeVisualizer.xcdatamodel; sourceTree = "<group>"; };
		CC4B1B81276C6C8D008415DB /* Assets.xcassets */ = {isa = PBXFileReference; lastKnownFileType = folder.assetcatalog; path = Assets.xcassets; sourceTree = "<group>"; };
		CC4B1B84276C6C8D008415DB /* Base */ = {isa = PBXFileReference; lastKnownFileType = file.storyboard; name = Base; path = Base.lproj/LaunchScreen.storyboard; sourceTree = "<group>"; };
		CC4B1B86276C6C8D008415DB /* Info.plist */ = {isa = PBXFileReference; lastKnownFileType = text.plist.xml; path = Info.plist; sourceTree = "<group>"; };
		CC4B1B8B276C6C8D008415DB /* TImeVisualizerTests.xctest */ = {isa = PBXFileReference; explicitFileType = wrapper.cfbundle; includeInIndex = 0; path = TImeVisualizerTests.xctest; sourceTree = BUILT_PRODUCTS_DIR; };
		CC4B1B8F276C6C8D008415DB /* TImeVisualizerTests.swift */ = {isa = PBXFileReference; lastKnownFileType = sourcecode.swift; path = TImeVisualizerTests.swift; sourceTree = "<group>"; };
		CC4B1B95276C6C8D008415DB /* TImeVisualizerUITests.xctest */ = {isa = PBXFileReference; explicitFileType = wrapper.cfbundle; includeInIndex = 0; path = TImeVisualizerUITests.xctest; sourceTree = BUILT_PRODUCTS_DIR; };
		CC4B1B99276C6C8D008415DB /* TImeVisualizerUITests.swift */ = {isa = PBXFileReference; lastKnownFileType = sourcecode.swift; path = TImeVisualizerUITests.swift; sourceTree = "<group>"; };
		CC4B1B9B276C6C8D008415DB /* TImeVisualizerUITestsLaunchTests.swift */ = {isa = PBXFileReference; lastKnownFileType = sourcecode.swift; path = TImeVisualizerUITestsLaunchTests.swift; sourceTree = "<group>"; };
		CC4B1BAA276C9A07008415DB /* HabitTrackerTableViewController.swift */ = {isa = PBXFileReference; lastKnownFileType = sourcecode.swift; path = HabitTrackerTableViewController.swift; sourceTree = "<group>"; };
		CC4B1BAC276C9A18008415DB /* DailyTaskTableViewController.swift */ = {isa = PBXFileReference; lastKnownFileType = sourcecode.swift; path = DailyTaskTableViewController.swift; sourceTree = "<group>"; };
		CC4B1BAE276C9AA3008415DB /* HabitTrackerTableViewCell.swift */ = {isa = PBXFileReference; lastKnownFileType = sourcecode.swift; path = HabitTrackerTableViewCell.swift; sourceTree = "<group>"; };
		CC4B1BB0276CC030008415DB /* StatViewController.swift */ = {isa = PBXFileReference; lastKnownFileType = sourcecode.swift; path = StatViewController.swift; sourceTree = "<group>"; };
		CC4B1BB2276CEFDD008415DB /* DailyTaskTableViewCell.swift */ = {isa = PBXFileReference; lastKnownFileType = sourcecode.swift; path = DailyTaskTableViewCell.swift; sourceTree = "<group>"; };
		CC4B1BB4276E58C1008415DB /* WeeklyTableViewCell.swift */ = {isa = PBXFileReference; lastKnownFileType = sourcecode.swift; path = WeeklyTableViewCell.swift; sourceTree = "<group>"; };
		CC4B1BB6276E58E6008415DB /* WeeklyTableViewController.swift */ = {isa = PBXFileReference; lastKnownFileType = sourcecode.swift; path = WeeklyTableViewController.swift; sourceTree = "<group>"; };
		D54188732AB00E4E20DAFA18 /* Pods_TImeVisualizer.framework */ = {isa = PBXFileReference; explicitFileType = wrapper.framework; includeInIndex = 0; path = Pods_TImeVisualizer.framework; sourceTree = BUILT_PRODUCTS_DIR; };
		EDB6528AD07853FC1C582E9E /* Pods-TImeVisualizerTests.release.xcconfig */ = {isa = PBXFileReference; includeInIndex = 1; lastKnownFileType = text.xcconfig; name = "Pods-TImeVisualizerTests.release.xcconfig"; path = "Target Support Files/Pods-TImeVisualizerTests/Pods-TImeVisualizerTests.release.xcconfig"; sourceTree = "<group>"; };
/* End PBXFileReference section */

/* Begin PBXFrameworksBuildPhase section */
		CC4B1B6F276C6C8C008415DB /* Frameworks */ = {
			isa = PBXFrameworksBuildPhase;
			buildActionMask = 2147483647;
			files = (
				228F9380D13FE156ED9E0531 /* Pods_TImeVisualizer.framework in Frameworks */,
			);
			runOnlyForDeploymentPostprocessing = 0;
		};
		CC4B1B88276C6C8D008415DB /* Frameworks */ = {
			isa = PBXFrameworksBuildPhase;
			buildActionMask = 2147483647;
			files = (
				C8943813B82753CBC7F76CAE /* Pods_TImeVisualizerTests.framework in Frameworks */,
			);
			runOnlyForDeploymentPostprocessing = 0;
		};
		CC4B1B92276C6C8D008415DB /* Frameworks */ = {
			isa = PBXFrameworksBuildPhase;
			buildActionMask = 2147483647;
			files = (
				56058746E636BB5C11B7105C /* Pods_TImeVisualizer_TImeVisualizerUITests.framework in Frameworks */,
			);
			runOnlyForDeploymentPostprocessing = 0;
		};
/* End PBXFrameworksBuildPhase section */

/* Begin PBXGroup section */
		04C97CB11B32D2E2FE2B0C30 /* Frameworks */ = {
			isa = PBXGroup;
			children = (
				D54188732AB00E4E20DAFA18 /* Pods_TImeVisualizer.framework */,
				1307C293187C360CD30C6FDC /* Pods_TImeVisualizer_TImeVisualizerUITests.framework */,
				78571304DEC91BD45578A1EA /* Pods_TImeVisualizerTests.framework */,
			);
			name = Frameworks;
			sourceTree = "<group>";
		};
		CC4B1B69276C6C8C008415DB = {
			isa = PBXGroup;
			children = (
				CC4B1B74276C6C8C008415DB /* TImeVisualizer */,
				CC4B1B8E276C6C8D008415DB /* TImeVisualizerTests */,
				CC4B1B98276C6C8D008415DB /* TImeVisualizerUITests */,
				CC4B1B73276C6C8C008415DB /* Products */,
				D70F1B5BD88A6A1DBC766A44 /* Pods */,
				04C97CB11B32D2E2FE2B0C30 /* Frameworks */,
			);
			sourceTree = "<group>";
		};
		CC4B1B73276C6C8C008415DB /* Products */ = {
			isa = PBXGroup;
			children = (
				CC4B1B72276C6C8C008415DB /* TImeVisualizer.app */,
				CC4B1B8B276C6C8D008415DB /* TImeVisualizerTests.xctest */,
				CC4B1B95276C6C8D008415DB /* TImeVisualizerUITests.xctest */,
			);
			name = Products;
			sourceTree = "<group>";
		};
		CC4B1B74276C6C8C008415DB /* TImeVisualizer */ = {
			isa = PBXGroup;
			children = (
				CC4B1BA9276C99EA008415DB /* models */,
				CC4B1BA8276C99E1008415DB /* controllers */,
				CC4B1B75276C6C8C008415DB /* AppDelegate.swift */,
				CC4B1B77276C6C8C008415DB /* SceneDelegate.swift */,
				CC4B1B7B276C6C8C008415DB /* Main.storyboard */,
				CC4B1B81276C6C8D008415DB /* Assets.xcassets */,
				CC4B1B83276C6C8D008415DB /* LaunchScreen.storyboard */,
				CC4B1B86276C6C8D008415DB /* Info.plist */,
				CC4B1B7E276C6C8C008415DB /* TImeVisualizer.xcdatamodeld */,
			);
			path = TImeVisualizer;
			sourceTree = "<group>";
		};
		CC4B1B8E276C6C8D008415DB /* TImeVisualizerTests */ = {
			isa = PBXGroup;
			children = (
				CC4B1B8F276C6C8D008415DB /* TImeVisualizerTests.swift */,
			);
			path = TImeVisualizerTests;
			sourceTree = "<group>";
		};
		CC4B1B98276C6C8D008415DB /* TImeVisualizerUITests */ = {
			isa = PBXGroup;
			children = (
				CC4B1B99276C6C8D008415DB /* TImeVisualizerUITests.swift */,
				CC4B1B9B276C6C8D008415DB /* TImeVisualizerUITestsLaunchTests.swift */,
			);
			path = TImeVisualizerUITests;
			sourceTree = "<group>";
		};
		CC4B1BA8276C99E1008415DB /* controllers */ = {
			isa = PBXGroup;
			children = (
				CC4B1BAA276C9A07008415DB /* HabitTrackerTableViewController.swift */,
				CC4B1BAC276C9A18008415DB /* DailyTaskTableViewController.swift */,
				CC4B1BB0276CC030008415DB /* StatViewController.swift */,
				CC4B1BB6276E58E6008415DB /* WeeklyTableViewController.swift */,
			);
			path = controllers;
			sourceTree = "<group>";
		};
		CC4B1BA9276C99EA008415DB /* models */ = {
			isa = PBXGroup;
			children = (
				CC4B1BAE276C9AA3008415DB /* HabitTrackerTableViewCell.swift */,
				CC4B1BB2276CEFDD008415DB /* DailyTaskTableViewCell.swift */,
				CC4B1BB4276E58C1008415DB /* WeeklyTableViewCell.swift */,
			);
			path = models;
			sourceTree = "<group>";
		};
		D70F1B5BD88A6A1DBC766A44 /* Pods */ = {
			isa = PBXGroup;
			children = (
				AC0BCE529879130B3CAADFD9 /* Pods-TImeVisualizer.debug.xcconfig */,
				73C6CAC648C3599E21171E81 /* Pods-TImeVisualizer.release.xcconfig */,
				216949AC55AB653C52691AC7 /* Pods-TImeVisualizer-TImeVisualizerUITests.debug.xcconfig */,
				1F83A4AE6C93EBEBD8BD03F5 /* Pods-TImeVisualizer-TImeVisualizerUITests.release.xcconfig */,
				4EBAB8367773277365A0DFAA /* Pods-TImeVisualizerTests.debug.xcconfig */,
				EDB6528AD07853FC1C582E9E /* Pods-TImeVisualizerTests.release.xcconfig */,
			);
			path = Pods;
			sourceTree = "<group>";
		};
/* End PBXGroup section */

/* Begin PBXNativeTarget section */
		CC4B1B71276C6C8C008415DB /* TImeVisualizer */ = {
			isa = PBXNativeTarget;
			buildConfigurationList = CC4B1B9F276C6C8D008415DB /* Build configuration list for PBXNativeTarget "TImeVisualizer" */;
			buildPhases = (
				37A0B1BDBD78EE829422F3C3 /* [CP] Check Pods Manifest.lock */,
				CC4B1B6E276C6C8C008415DB /* Sources */,
				CC4B1B6F276C6C8C008415DB /* Frameworks */,
				CC4B1B70276C6C8C008415DB /* Resources */,
				8CA63F50DB24A25D0AB3C2D9 /* [CP] Embed Pods Frameworks */,
			);
			buildRules = (
			);
			dependencies = (
			);
			name = TImeVisualizer;
			productName = TImeVisualizer;
			productReference = CC4B1B72276C6C8C008415DB /* TImeVisualizer.app */;
			productType = "com.apple.product-type.application";
		};
		CC4B1B8A276C6C8D008415DB /* TImeVisualizerTests */ = {
			isa = PBXNativeTarget;
			buildConfigurationList = CC4B1BA2276C6C8D008415DB /* Build configuration list for PBXNativeTarget "TImeVisualizerTests" */;
			buildPhases = (
				7E46044D7CF4A5C921CCB107 /* [CP] Check Pods Manifest.lock */,
				CC4B1B87276C6C8D008415DB /* Sources */,
				CC4B1B88276C6C8D008415DB /* Frameworks */,
				CC4B1B89276C6C8D008415DB /* Resources */,
			);
			buildRules = (
			);
			dependencies = (
				CC4B1B8D276C6C8D008415DB /* PBXTargetDependency */,
			);
			name = TImeVisualizerTests;
			productName = TImeVisualizerTests;
			productReference = CC4B1B8B276C6C8D008415DB /* TImeVisualizerTests.xctest */;
			productType = "com.apple.product-type.bundle.unit-test";
		};
		CC4B1B94276C6C8D008415DB /* TImeVisualizerUITests */ = {
			isa = PBXNativeTarget;
			buildConfigurationList = CC4B1BA5276C6C8D008415DB /* Build configuration list for PBXNativeTarget "TImeVisualizerUITests" */;
			buildPhases = (
				B982BBFBC4E0CDB81B8D0324 /* [CP] Check Pods Manifest.lock */,
				CC4B1B91276C6C8D008415DB /* Sources */,
				CC4B1B92276C6C8D008415DB /* Frameworks */,
				CC4B1B93276C6C8D008415DB /* Resources */,
				CE14B625F4918A206C0CEF24 /* [CP] Embed Pods Frameworks */,
			);
			buildRules = (
			);
			dependencies = (
				CC4B1B97276C6C8D008415DB /* PBXTargetDependency */,
			);
			name = TImeVisualizerUITests;
			productName = TImeVisualizerUITests;
			productReference = CC4B1B95276C6C8D008415DB /* TImeVisualizerUITests.xctest */;
			productType = "com.apple.product-type.bundle.ui-testing";
		};
/* End PBXNativeTarget section */

/* Begin PBXProject section */
		CC4B1B6A276C6C8C008415DB /* Project object */ = {
			isa = PBXProject;
			attributes = {
				BuildIndependentTargetsInParallel = 1;
				LastSwiftUpdateCheck = 1320;
				LastUpgradeCheck = 1320;
				TargetAttributes = {
					CC4B1B71276C6C8C008415DB = {
						CreatedOnToolsVersion = 13.2;
					};
					CC4B1B8A276C6C8D008415DB = {
						CreatedOnToolsVersion = 13.2;
						TestTargetID = CC4B1B71276C6C8C008415DB;
					};
					CC4B1B94276C6C8D008415DB = {
						CreatedOnToolsVersion = 13.2;
						TestTargetID = CC4B1B71276C6C8C008415DB;
					};
				};
			};
			buildConfigurationList = CC4B1B6D276C6C8C008415DB /* Build configuration list for PBXProject "TImeVisualizer" */;
			compatibilityVersion = "Xcode 13.0";
			developmentRegion = en;
			hasScannedForEncodings = 0;
			knownRegions = (
				en,
				Base,
			);
			mainGroup = CC4B1B69276C6C8C008415DB;
			productRefGroup = CC4B1B73276C6C8C008415DB /* Products */;
			projectDirPath = "";
			projectRoot = "";
			targets = (
				CC4B1B71276C6C8C008415DB /* TImeVisualizer */,
				CC4B1B8A276C6C8D008415DB /* TImeVisualizerTests */,
				CC4B1B94276C6C8D008415DB /* TImeVisualizerUITests */,
			);
		};
/* End PBXProject section */

/* Begin PBXResourcesBuildPhase section */
		CC4B1B70276C6C8C008415DB /* Resources */ = {
			isa = PBXResourcesBuildPhase;
			buildActionMask = 2147483647;
			files = (
				CC4B1B85276C6C8D008415DB /* LaunchScreen.storyboard in Resources */,
				CC4B1B82276C6C8D008415DB /* Assets.xcassets in Resources */,
				CC4B1B7D276C6C8C008415DB /* Main.storyboard in Resources */,
			);
			runOnlyForDeploymentPostprocessing = 0;
		};
		CC4B1B89276C6C8D008415DB /* Resources */ = {
			isa = PBXResourcesBuildPhase;
			buildActionMask = 2147483647;
			files = (
			);
			runOnlyForDeploymentPostprocessing = 0;
		};
		CC4B1B93276C6C8D008415DB /* Resources */ = {
			isa = PBXResourcesBuildPhase;
			buildActionMask = 2147483647;
			files = (
			);
			runOnlyForDeploymentPostprocessing = 0;
		};
/* End PBXResourcesBuildPhase section */

/* Begin PBXShellScriptBuildPhase section */
		37A0B1BDBD78EE829422F3C3 /* [CP] Check Pods Manifest.lock */ = {
			isa = PBXShellScriptBuildPhase;
			buildActionMask = 2147483647;
			files = (
			);
			inputFileListPaths = (
			);
			inputPaths = (
				"${PODS_PODFILE_DIR_PATH}/Podfile.lock",
				"${PODS_ROOT}/Manifest.lock",
			);
			name = "[CP] Check Pods Manifest.lock";
			outputFileListPaths = (
			);
			outputPaths = (
				"$(DERIVED_FILE_DIR)/Pods-TImeVisualizer-checkManifestLockResult.txt",
			);
			runOnlyForDeploymentPostprocessing = 0;
			shellPath = /bin/sh;
			shellScript = "diff \"${PODS_PODFILE_DIR_PATH}/Podfile.lock\" \"${PODS_ROOT}/Manifest.lock\" > /dev/null\nif [ $? != 0 ] ; then\n    # print error to STDERR\n    echo \"error: The sandbox is not in sync with the Podfile.lock. Run 'pod install' or update your CocoaPods installation.\" >&2\n    exit 1\nfi\n# This output is used by Xcode 'outputs' to avoid re-running this script phase.\necho \"SUCCESS\" > \"${SCRIPT_OUTPUT_FILE_0}\"\n";
			showEnvVarsInLog = 0;
		};
		7E46044D7CF4A5C921CCB107 /* [CP] Check Pods Manifest.lock */ = {
			isa = PBXShellScriptBuildPhase;
			buildActionMask = 2147483647;
			files = (
			);
			inputFileListPaths = (
			);
			inputPaths = (
				"${PODS_PODFILE_DIR_PATH}/Podfile.lock",
				"${PODS_ROOT}/Manifest.lock",
			);
			name = "[CP] Check Pods Manifest.lock";
			outputFileListPaths = (
			);
			outputPaths = (
				"$(DERIVED_FILE_DIR)/Pods-TImeVisualizerTests-checkManifestLockResult.txt",
			);
			runOnlyForDeploymentPostprocessing = 0;
			shellPath = /bin/sh;
			shellScript = "diff \"${PODS_PODFILE_DIR_PATH}/Podfile.lock\" \"${PODS_ROOT}/Manifest.lock\" > /dev/null\nif [ $? != 0 ] ; then\n    # print error to STDERR\n    echo \"error: The sandbox is not in sync with the Podfile.lock. Run 'pod install' or update your CocoaPods installation.\" >&2\n    exit 1\nfi\n# This output is used by Xcode 'outputs' to avoid re-running this script phase.\necho \"SUCCESS\" > \"${SCRIPT_OUTPUT_FILE_0}\"\n";
			showEnvVarsInLog = 0;
		};
		8CA63F50DB24A25D0AB3C2D9 /* [CP] Embed Pods Frameworks */ = {
			isa = PBXShellScriptBuildPhase;
			buildActionMask = 2147483647;
			files = (
			);
			inputFileListPaths = (
				"${PODS_ROOT}/Target Support Files/Pods-TImeVisualizer/Pods-TImeVisualizer-frameworks-${CONFIGURATION}-input-files.xcfilelist",
			);
			name = "[CP] Embed Pods Frameworks";
			outputFileListPaths = (
				"${PODS_ROOT}/Target Support Files/Pods-TImeVisualizer/Pods-TImeVisualizer-frameworks-${CONFIGURATION}-output-files.xcfilelist",
			);
			runOnlyForDeploymentPostprocessing = 0;
			shellPath = /bin/sh;
			shellScript = "\"${PODS_ROOT}/Target Support Files/Pods-TImeVisualizer/Pods-TImeVisualizer-frameworks.sh\"\n";
			showEnvVarsInLog = 0;
		};
		B982BBFBC4E0CDB81B8D0324 /* [CP] Check Pods Manifest.lock */ = {
			isa = PBXShellScriptBuildPhase;
			buildActionMask = 2147483647;
			files = (
			);
			inputFileListPaths = (
			);
			inputPaths = (
				"${PODS_PODFILE_DIR_PATH}/Podfile.lock",
				"${PODS_ROOT}/Manifest.lock",
			);
			name = "[CP] Check Pods Manifest.lock";
			outputFileListPaths = (
			);
			outputPaths = (
				"$(DERIVED_FILE_DIR)/Pods-TImeVisualizer-TImeVisualizerUITests-checkManifestLockResult.txt",
			);
			runOnlyForDeploymentPostprocessing = 0;
			shellPath = /bin/sh;
			shellScript = "diff \"${PODS_PODFILE_DIR_PATH}/Podfile.lock\" \"${PODS_ROOT}/Manifest.lock\" > /dev/null\nif [ $? != 0 ] ; then\n    # print error to STDERR\n    echo \"error: The sandbox is not in sync with the Podfile.lock. Run 'pod install' or update your CocoaPods installation.\" >&2\n    exit 1\nfi\n# This output is used by Xcode 'outputs' to avoid re-running this script phase.\necho \"SUCCESS\" > \"${SCRIPT_OUTPUT_FILE_0}\"\n";
			showEnvVarsInLog = 0;
		};
		CE14B625F4918A206C0CEF24 /* [CP] Embed Pods Frameworks */ = {
			isa = PBXShellScriptBuildPhase;
			buildActionMask = 2147483647;
			files = (
			);
			inputFileListPaths = (
				"${PODS_ROOT}/Target Support Files/Pods-TImeVisualizer-TImeVisualizerUITests/Pods-TImeVisualizer-TImeVisualizerUITests-frameworks-${CONFIGURATION}-input-files.xcfilelist",
			);
			name = "[CP] Embed Pods Frameworks";
			outputFileListPaths = (
				"${PODS_ROOT}/Target Support Files/Pods-TImeVisualizer-TImeVisualizerUITests/Pods-TImeVisualizer-TImeVisualizerUITests-frameworks-${CONFIGURATION}-output-files.xcfilelist",
			);
			runOnlyForDeploymentPostprocessing = 0;
			shellPath = /bin/sh;
			shellScript = "\"${PODS_ROOT}/Target Support Files/Pods-TImeVisualizer-TImeVisualizerUITests/Pods-TImeVisualizer-TImeVisualizerUITests-frameworks.sh\"\n";
			showEnvVarsInLog = 0;
		};
/* End PBXShellScriptBuildPhase section */

/* Begin PBXSourcesBuildPhase section */
		CC4B1B6E276C6C8C008415DB /* Sources */ = {
			isa = PBXSourcesBuildPhase;
			buildActionMask = 2147483647;
			files = (
				CC4B1BB3276CEFDD008415DB /* DailyTaskTableViewCell.swift in Sources */,
				CC4B1B80276C6C8C008415DB /* TImeVisualizer.xcdatamodeld in Sources */,
				CC4B1BAD276C9A18008415DB /* DailyTaskTableViewController.swift in Sources */,
				CC4B1BB1276CC030008415DB /* StatViewController.swift in Sources */,
				CC4B1B76276C6C8C008415DB /* AppDelegate.swift in Sources */,
				CC4B1BB5276E58C1008415DB /* WeeklyTableViewCell.swift in Sources */,
				CC4B1BB7276E58E6008415DB /* WeeklyTableViewController.swift in Sources */,
				CC4B1B78276C6C8C008415DB /* SceneDelegate.swift in Sources */,
				CC4B1BAF276C9AA3008415DB /* HabitTrackerTableViewCell.swift in Sources */,
				CC4B1BAB276C9A08008415DB /* HabitTrackerTableViewController.swift in Sources */,
			);
			runOnlyForDeploymentPostprocessing = 0;
		};
		CC4B1B87276C6C8D008415DB /* Sources */ = {
			isa = PBXSourcesBuildPhase;
			buildActionMask = 2147483647;
			files = (
				CC4B1B90276C6C8D008415DB /* TImeVisualizerTests.swift in Sources */,
			);
			runOnlyForDeploymentPostprocessing = 0;
		};
		CC4B1B91276C6C8D008415DB /* Sources */ = {
			isa = PBXSourcesBuildPhase;
			buildActionMask = 2147483647;
			files = (
				CC4B1B9A276C6C8D008415DB /* TImeVisualizerUITests.swift in Sources */,
				CC4B1B9C276C6C8D008415DB /* TImeVisualizerUITestsLaunchTests.swift in Sources */,
			);
			runOnlyForDeploymentPostprocessing = 0;
		};
/* End PBXSourcesBuildPhase section */

/* Begin PBXTargetDependency section */
		CC4B1B8D276C6C8D008415DB /* PBXTargetDependency */ = {
			isa = PBXTargetDependency;
			target = CC4B1B71276C6C8C008415DB /* TImeVisualizer */;
			targetProxy = CC4B1B8C276C6C8D008415DB /* PBXContainerItemProxy */;
		};
		CC4B1B97276C6C8D008415DB /* PBXTargetDependency */ = {
			isa = PBXTargetDependency;
			target = CC4B1B71276C6C8C008415DB /* TImeVisualizer */;
			targetProxy = CC4B1B96276C6C8D008415DB /* PBXContainerItemProxy */;
		};
/* End PBXTargetDependency section */

/* Begin PBXVariantGroup section */
		CC4B1B7B276C6C8C008415DB /* Main.storyboard */ = {
			isa = PBXVariantGroup;
			children = (
				CC4B1B7C276C6C8C008415DB /* Base */,
			);
			name = Main.storyboard;
			sourceTree = "<group>";
		};
		CC4B1B83276C6C8D008415DB /* LaunchScreen.storyboard */ = {
			isa = PBXVariantGroup;
			children = (
				CC4B1B84276C6C8D008415DB /* Base */,
			);
			name = LaunchScreen.storyboard;
			sourceTree = "<group>";
		};
/* End PBXVariantGroup section */

/* Begin XCBuildConfiguration section */
		CC4B1B9D276C6C8D008415DB /* Debug */ = {
			isa = XCBuildConfiguration;
			buildSettings = {
				ALWAYS_SEARCH_USER_PATHS = NO;
				CLANG_ANALYZER_NONNULL = YES;
				CLANG_ANALYZER_NUMBER_OBJECT_CONVERSION = YES_AGGRESSIVE;
				CLANG_CXX_LANGUAGE_STANDARD = "gnu++17";
				CLANG_CXX_LIBRARY = "libc++";
				CLANG_ENABLE_MODULES = YES;
				CLANG_ENABLE_OBJC_ARC = YES;
				CLANG_ENABLE_OBJC_WEAK = YES;
				CLANG_WARN_BLOCK_CAPTURE_AUTORELEASING = YES;
				CLANG_WARN_BOOL_CONVERSION = YES;
				CLANG_WARN_COMMA = YES;
				CLANG_WARN_CONSTANT_CONVERSION = YES;
				CLANG_WARN_DEPRECATED_OBJC_IMPLEMENTATIONS = YES;
				CLANG_WARN_DIRECT_OBJC_ISA_USAGE = YES_ERROR;
				CLANG_WARN_DOCUMENTATION_COMMENTS = YES;
				CLANG_WARN_EMPTY_BODY = YES;
				CLANG_WARN_ENUM_CONVERSION = YES;
				CLANG_WARN_INFINITE_RECURSION = YES;
				CLANG_WARN_INT_CONVERSION = YES;
				CLANG_WARN_NON_LITERAL_NULL_CONVERSION = YES;
				CLANG_WARN_OBJC_IMPLICIT_RETAIN_SELF = YES;
				CLANG_WARN_OBJC_LITERAL_CONVERSION = YES;
				CLANG_WARN_OBJC_ROOT_CLASS = YES_ERROR;
				CLANG_WARN_QUOTED_INCLUDE_IN_FRAMEWORK_HEADER = YES;
				CLANG_WARN_RANGE_LOOP_ANALYSIS = YES;
				CLANG_WARN_STRICT_PROTOTYPES = YES;
				CLANG_WARN_SUSPICIOUS_MOVE = YES;
				CLANG_WARN_UNGUARDED_AVAILABILITY = YES_AGGRESSIVE;
				CLANG_WARN_UNREACHABLE_CODE = YES;
				CLANG_WARN__DUPLICATE_METHOD_MATCH = YES;
				COPY_PHASE_STRIP = NO;
				DEBUG_INFORMATION_FORMAT = dwarf;
				ENABLE_STRICT_OBJC_MSGSEND = YES;
				ENABLE_TESTABILITY = YES;
				GCC_C_LANGUAGE_STANDARD = gnu11;
				GCC_DYNAMIC_NO_PIC = NO;
				GCC_NO_COMMON_BLOCKS = YES;
				GCC_OPTIMIZATION_LEVEL = 0;
				GCC_PREPROCESSOR_DEFINITIONS = (
					"DEBUG=1",
					"$(inherited)",
				);
				GCC_WARN_64_TO_32_BIT_CONVERSION = YES;
				GCC_WARN_ABOUT_RETURN_TYPE = YES_ERROR;
				GCC_WARN_UNDECLARED_SELECTOR = YES;
				GCC_WARN_UNINITIALIZED_AUTOS = YES_AGGRESSIVE;
				GCC_WARN_UNUSED_FUNCTION = YES;
				GCC_WARN_UNUSED_VARIABLE = YES;
				IPHONEOS_DEPLOYMENT_TARGET = 15.2;
				MTL_ENABLE_DEBUG_INFO = INCLUDE_SOURCE;
				MTL_FAST_MATH = YES;
				ONLY_ACTIVE_ARCH = YES;
				SDKROOT = iphoneos;
				SWIFT_ACTIVE_COMPILATION_CONDITIONS = DEBUG;
				SWIFT_OPTIMIZATION_LEVEL = "-Onone";
			};
			name = Debug;
		};
		CC4B1B9E276C6C8D008415DB /* Release */ = {
			isa = XCBuildConfiguration;
			buildSettings = {
				ALWAYS_SEARCH_USER_PATHS = NO;
				CLANG_ANALYZER_NONNULL = YES;
				CLANG_ANALYZER_NUMBER_OBJECT_CONVERSION = YES_AGGRESSIVE;
				CLANG_CXX_LANGUAGE_STANDARD = "gnu++17";
				CLANG_CXX_LIBRARY = "libc++";
				CLANG_ENABLE_MODULES = YES;
				CLANG_ENABLE_OBJC_ARC = YES;
				CLANG_ENABLE_OBJC_WEAK = YES;
				CLANG_WARN_BLOCK_CAPTURE_AUTORELEASING = YES;
				CLANG_WARN_BOOL_CONVERSION = YES;
				CLANG_WARN_COMMA = YES;
				CLANG_WARN_CONSTANT_CONVERSION = YES;
				CLANG_WARN_DEPRECATED_OBJC_IMPLEMENTATIONS = YES;
				CLANG_WARN_DIRECT_OBJC_ISA_USAGE = YES_ERROR;
				CLANG_WARN_DOCUMENTATION_COMMENTS = YES;
				CLANG_WARN_EMPTY_BODY = YES;
				CLANG_WARN_ENUM_CONVERSION = YES;
				CLANG_WARN_INFINITE_RECURSION = YES;
				CLANG_WARN_INT_CONVERSION = YES;
				CLANG_WARN_NON_LITERAL_NULL_CONVERSION = YES;
				CLANG_WARN_OBJC_IMPLICIT_RETAIN_SELF = YES;
				CLANG_WARN_OBJC_LITERAL_CONVERSION = YES;
				CLANG_WARN_OBJC_ROOT_CLASS = YES_ERROR;
				CLANG_WARN_QUOTED_INCLUDE_IN_FRAMEWORK_HEADER = YES;
				CLANG_WARN_RANGE_LOOP_ANALYSIS = YES;
				CLANG_WARN_STRICT_PROTOTYPES = YES;
				CLANG_WARN_SUSPICIOUS_MOVE = YES;
				CLANG_WARN_UNGUARDED_AVAILABILITY = YES_AGGRESSIVE;
				CLANG_WARN_UNREACHABLE_CODE = YES;
				CLANG_WARN__DUPLICATE_METHOD_MATCH = YES;
				COPY_PHASE_STRIP = NO;
				DEBUG_INFORMATION_FORMAT = "dwarf-with-dsym";
				ENABLE_NS_ASSERTIONS = NO;
				ENABLE_STRICT_OBJC_MSGSEND = YES;
				GCC_C_LANGUAGE_STANDARD = gnu11;
				GCC_NO_COMMON_BLOCKS = YES;
				GCC_WARN_64_TO_32_BIT_CONVERSION = YES;
				GCC_WARN_ABOUT_RETURN_TYPE = YES_ERROR;
				GCC_WARN_UNDECLARED_SELECTOR = YES;
				GCC_WARN_UNINITIALIZED_AUTOS = YES_AGGRESSIVE;
				GCC_WARN_UNUSED_FUNCTION = YES;
				GCC_WARN_UNUSED_VARIABLE = YES;
				IPHONEOS_DEPLOYMENT_TARGET = 15.2;
				MTL_ENABLE_DEBUG_INFO = NO;
				MTL_FAST_MATH = YES;
				SDKROOT = iphoneos;
				SWIFT_COMPILATION_MODE = wholemodule;
				SWIFT_OPTIMIZATION_LEVEL = "-O";
				VALIDATE_PRODUCT = YES;
			};
			name = Release;
		};
		CC4B1BA0276C6C8D008415DB /* Debug */ = {
			isa = XCBuildConfiguration;
			baseConfigurationReference = AC0BCE529879130B3CAADFD9 /* Pods-TImeVisualizer.debug.xcconfig */;
			buildSettings = {
				ASSETCATALOG_COMPILER_APPICON_NAME = AppIcon;
				ASSETCATALOG_COMPILER_GLOBAL_ACCENT_COLOR_NAME = AccentColor;
				CODE_SIGN_STYLE = Automatic;
				CURRENT_PROJECT_VERSION = 1;
				DEVELOPMENT_TEAM = YSX47LJT9G;
				GENERATE_INFOPLIST_FILE = YES;
				INFOPLIST_FILE = TImeVisualizer/Info.plist;
				INFOPLIST_KEY_UIApplicationSupportsIndirectInputEvents = YES;
				INFOPLIST_KEY_UILaunchStoryboardName = LaunchScreen;
				INFOPLIST_KEY_UIMainStoryboardFile = Main;
				INFOPLIST_KEY_UISupportedInterfaceOrientations_iPad = "UIInterfaceOrientationPortrait UIInterfaceOrientationPortraitUpsideDown UIInterfaceOrientationLandscapeLeft UIInterfaceOrientationLandscapeRight";
				INFOPLIST_KEY_UISupportedInterfaceOrientations_iPhone = "UIInterfaceOrientationPortrait UIInterfaceOrientationLandscapeLeft UIInterfaceOrientationLandscapeRight";
				LD_RUNPATH_SEARCH_PATHS = (
					"$(inherited)",
					"@executable_path/Frameworks",
				);
				MARKETING_VERSION = 1.0;
				PRODUCT_BUNDLE_IDENTIFIER = wishStar.TImeVisualizer;
				PRODUCT_NAME = "$(TARGET_NAME)";
				SWIFT_EMIT_LOC_STRINGS = YES;
				SWIFT_VERSION = 5.0;
				TARGETED_DEVICE_FAMILY = "1,2";
			};
			name = Debug;
		};
		CC4B1BA1276C6C8D008415DB /* Release */ = {
			isa = XCBuildConfiguration;
			baseConfigurationReference = 73C6CAC648C3599E21171E81 /* Pods-TImeVisualizer.release.xcconfig */;
			buildSettings = {
				ASSETCATALOG_COMPILER_APPICON_NAME = AppIcon;
				ASSETCATALOG_COMPILER_GLOBAL_ACCENT_COLOR_NAME = AccentColor;
				CODE_SIGN_STYLE = Automatic;
				CURRENT_PROJECT_VERSION = 1;
				DEVELOPMENT_TEAM = YSX47LJT9G;
				GENERATE_INFOPLIST_FILE = YES;
				INFOPLIST_FILE = TImeVisualizer/Info.plist;
				INFOPLIST_KEY_UIApplicationSupportsIndirectInputEvents = YES;
				INFOPLIST_KEY_UILaunchStoryboardName = LaunchScreen;
				INFOPLIST_KEY_UIMainStoryboardFile = Main;
				INFOPLIST_KEY_UISupportedInterfaceOrientations_iPad = "UIInterfaceOrientationPortrait UIInterfaceOrientationPortraitUpsideDown UIInterfaceOrientationLandscapeLeft UIInterfaceOrientationLandscapeRight";
				INFOPLIST_KEY_UISupportedInterfaceOrientations_iPhone = "UIInterfaceOrientationPortrait UIInterfaceOrientationLandscapeLeft UIInterfaceOrientationLandscapeRight";
				LD_RUNPATH_SEARCH_PATHS = (
					"$(inherited)",
					"@executable_path/Frameworks",
				);
				MARKETING_VERSION = 1.0;
				PRODUCT_BUNDLE_IDENTIFIER = wishStar.TImeVisualizer;
				PRODUCT_NAME = "$(TARGET_NAME)";
				SWIFT_EMIT_LOC_STRINGS = YES;
				SWIFT_VERSION = 5.0;
				TARGETED_DEVICE_FAMILY = "1,2";
			};
			name = Release;
		};
		CC4B1BA3276C6C8D008415DB /* Debug */ = {
			isa = XCBuildConfiguration;
			baseConfigurationReference = 4EBAB8367773277365A0DFAA /* Pods-TImeVisualizerTests.debug.xcconfig */;
			buildSettings = {
				ALWAYS_EMBED_SWIFT_STANDARD_LIBRARIES = YES;
				BUNDLE_LOADER = "$(TEST_HOST)";
				CODE_SIGN_STYLE = Automatic;
				CURRENT_PROJECT_VERSION = 1;
				DEVELOPMENT_TEAM = YSX47LJT9G;
				GENERATE_INFOPLIST_FILE = YES;
				IPHONEOS_DEPLOYMENT_TARGET = 15.2;
				MARKETING_VERSION = 1.0;
				PRODUCT_BUNDLE_IDENTIFIER = wishStar.TImeVisualizerTests;
				PRODUCT_NAME = "$(TARGET_NAME)";
				SWIFT_EMIT_LOC_STRINGS = NO;
				SWIFT_VERSION = 5.0;
				TARGETED_DEVICE_FAMILY = "1,2";
				TEST_HOST = "$(BUILT_PRODUCTS_DIR)/TImeVisualizer.app/TImeVisualizer";
			};
			name = Debug;
		};
		CC4B1BA4276C6C8D008415DB /* Release */ = {
			isa = XCBuildConfiguration;
			baseConfigurationReference = EDB6528AD07853FC1C582E9E /* Pods-TImeVisualizerTests.release.xcconfig */;
			buildSettings = {
				ALWAYS_EMBED_SWIFT_STANDARD_LIBRARIES = YES;
				BUNDLE_LOADER = "$(TEST_HOST)";
				CODE_SIGN_STYLE = Automatic;
				CURRENT_PROJECT_VERSION = 1;
				DEVELOPMENT_TEAM = YSX47LJT9G;
				GENERATE_INFOPLIST_FILE = YES;
				IPHONEOS_DEPLOYMENT_TARGET = 15.2;
				MARKETING_VERSION = 1.0;
				PRODUCT_BUNDLE_IDENTIFIER = wishStar.TImeVisualizerTests;
				PRODUCT_NAME = "$(TARGET_NAME)";
				SWIFT_EMIT_LOC_STRINGS = NO;
				SWIFT_VERSION = 5.0;
				TARGETED_DEVICE_FAMILY = "1,2";
				TEST_HOST = "$(BUILT_PRODUCTS_DIR)/TImeVisualizer.app/TImeVisualizer";
			};
			name = Release;
		};
		CC4B1BA6276C6C8D008415DB /* Debug */ = {
			isa = XCBuildConfiguration;
			baseConfigurationReference = 216949AC55AB653C52691AC7 /* Pods-TImeVisualizer-TImeVisualizerUITests.debug.xcconfig */;
			buildSettings = {
				ALWAYS_EMBED_SWIFT_STANDARD_LIBRARIES = YES;
				CODE_SIGN_STYLE = Automatic;
				CURRENT_PROJECT_VERSION = 1;
				DEVELOPMENT_TEAM = YSX47LJT9G;
				GENERATE_INFOPLIST_FILE = YES;
				MARKETING_VERSION = 1.0;
				PRODUCT_BUNDLE_IDENTIFIER = wishStar.TImeVisualizerUITests;
				PRODUCT_NAME = "$(TARGET_NAME)";
				SWIFT_EMIT_LOC_STRINGS = NO;
				SWIFT_VERSION = 5.0;
				TARGETED_DEVICE_FAMILY = "1,2";
				TEST_TARGET_NAME = TImeVisualizer;
			};
			name = Debug;
		};
		CC4B1BA7276C6C8D008415DB /* Release */ = {
			isa = XCBuildConfiguration;
			baseConfigurationReference = 1F83A4AE6C93EBEBD8BD03F5 /* Pods-TImeVisualizer-TImeVisualizerUITests.release.xcconfig */;
			buildSettings = {
				ALWAYS_EMBED_SWIFT_STANDARD_LIBRARIES = YES;
				CODE_SIGN_STYLE = Automatic;
				CURRENT_PROJECT_VERSION = 1;
				DEVELOPMENT_TEAM = YSX47LJT9G;
				GENERATE_INFOPLIST_FILE = YES;
				MARKETING_VERSION = 1.0;
				PRODUCT_BUNDLE_IDENTIFIER = wishStar.TImeVisualizerUITests;
				PRODUCT_NAME = "$(TARGET_NAME)";
				SWIFT_EMIT_LOC_STRINGS = NO;
				SWIFT_VERSION = 5.0;
				TARGETED_DEVICE_FAMILY = "1,2";
				TEST_TARGET_NAME = TImeVisualizer;
			};
			name = Release;
		};
/* End XCBuildConfiguration section */

/* Begin XCConfigurationList section */
		CC4B1B6D276C6C8C008415DB /* Build configuration list for PBXProject "TImeVisualizer" */ = {
			isa = XCConfigurationList;
			buildConfigurations = (
				CC4B1B9D276C6C8D008415DB /* Debug */,
				CC4B1B9E276C6C8D008415DB /* Release */,
			);
			defaultConfigurationIsVisible = 0;
			defaultConfigurationName = Release;
		};
		CC4B1B9F276C6C8D008415DB /* Build configuration list for PBXNativeTarget "TImeVisualizer" */ = {
			isa = XCConfigurationList;
			buildConfigurations = (
				CC4B1BA0276C6C8D008415DB /* Debug */,
				CC4B1BA1276C6C8D008415DB /* Release */,
			);
			defaultConfigurationIsVisible = 0;
			defaultConfigurationName = Release;
		};
		CC4B1BA2276C6C8D008415DB /* Build configuration list for PBXNativeTarget "TImeVisualizerTests" */ = {
			isa = XCConfigurationList;
			buildConfigurations = (
				CC4B1BA3276C6C8D008415DB /* Debug */,
				CC4B1BA4276C6C8D008415DB /* Release */,
			);
			defaultConfigurationIsVisible = 0;
			defaultConfigurationName = Release;
		};
		CC4B1BA5276C6C8D008415DB /* Build configuration list for PBXNativeTarget "TImeVisualizerUITests" */ = {
			isa = XCConfigurationList;
			buildConfigurations = (
				CC4B1BA6276C6C8D008415DB /* Debug */,
				CC4B1BA7276C6C8D008415DB /* Release */,
			);
			defaultConfigurationIsVisible = 0;
			defaultConfigurationName = Release;
		};
/* End XCConfigurationList section */

/* Begin XCVersionGroup section */
		CC4B1B7E276C6C8C008415DB /* TImeVisualizer.xcdatamodeld */ = {
			isa = XCVersionGroup;
			children = (
				CC4B1B7F276C6C8C008415DB /* TImeVisualizer.xcdatamodel */,
			);
			currentVersion = CC4B1B7F276C6C8C008415DB /* TImeVisualizer.xcdatamodel */;
			path = TImeVisualizer.xcdatamodeld;
			sourceTree = "<group>";
			versionGroupType = wrapper.xcdatamodel;
		};
/* End XCVersionGroup section */
	};
	rootObject = CC4B1B6A276C6C8C008415DB /* Project object */;
}
